<?xml version="1.0" encoding="utf-8"?>
<Project ToolsVersion="4.0" xmlns="http://schemas.microsoft.com/developer/msbuild/2003">
  <ItemGroup>
    <ClCompile Include="Main.cpp" />
    <ClCompile Include="BackGround.cpp">
      <Filter>ソースコード\Object</Filter>
    </ClCompile>
    <ClCompile Include="Camera.cpp">
      <Filter>ソースコード\Actor</Filter>
    </ClCompile>
    <ClCompile Include="Collision.cpp">
      <Filter>ソースコード\Object</Filter>
    </ClCompile>
    <ClCompile Include="DeadAngle.cpp">
      <Filter>ソースコード\Object</Filter>
    </ClCompile>
    <ClCompile Include="GameOver.cpp">
      <Filter>ソースコード\Scene</Filter>
    </ClCompile>
    <ClCompile Include="GameScene.cpp">
      <Filter>ソースコード\Scene</Filter>
    </ClCompile>
    <ClCompile Include="GameScene_2.cpp">
      <Filter>ソースコード\Scene</Filter>
    </ClCompile>
    <ClCompile Include="Keyboard.cpp">
      <Filter>ソースコード\System\Input</Filter>
    </ClCompile>
    <ClCompile Include="InputManager.cpp">
      <Filter>ソースコード\System\Manager</Filter>
    </ClCompile>
    <ClCompile Include="Lift.cpp">
      <Filter>ソースコード\Actor</Filter>
    </ClCompile>
    <ClCompile Include="Mouse.cpp">
      <Filter>ソースコード\System\Input</Filter>
    </ClCompile>
    <ClCompile Include="Operation.cpp">
      <Filter>ソースコード\Actor</Filter>
    </ClCompile>
    <ClCompile Include="Player.cpp">
      <Filter>ソースコード\Actor</Filter>
    </ClCompile>
    <ClCompile Include="RetryButton.cpp">
      <Filter>ソースコード\UI</Filter>
    </ClCompile>
    <ClCompile Include="SelectScene.cpp">
      <Filter>ソースコード\Scene</Filter>
    </ClCompile>
    <ClCompile Include="SoundManager.cpp">
      <Filter>ソースコード\System\Manager</Filter>
    </ClCompile>
    <ClCompile Include="SceneManager.cpp">
      <Filter>ソースコード\System\Manager</Filter>
    </ClCompile>
    <ClCompile Include="StartButton.cpp">
      <Filter>ソースコード\UI</Filter>
    </ClCompile>
    <ClCompile Include="Timer.cpp">
      <Filter>ソースコード\UI</Filter>
    </ClCompile>
    <ClCompile Include="Title.cpp">
      <Filter>ソースコード\Scene</Filter>
    </ClCompile>
    <ClCompile Include="TitleButton.cpp">
      <Filter>ソースコード\UI</Filter>
    </ClCompile>
    <ClCompile Include="WavController.cpp">
      <Filter>ソースコード\System\Sound</Filter>
    </ClCompile>
    <ClCompile Include="GameClear.cpp">
      <Filter>ソースコード\Scene</Filter>
    </ClCompile>
  </ItemGroup>
  <ItemGroup>
    <ClInclude Include="Main.h" />
    <ClInclude Include="BackGround.h">
      <Filter>ソースコード\Object</Filter>
    </ClInclude>
    <ClInclude Include="BaseScene.h">
      <Filter>ソースコード\Scene</Filter>
    </ClInclude>
    <ClInclude Include="Camera.h">
      <Filter>ソースコード\Actor</Filter>
    </ClInclude>
    <ClInclude Include="Collision.h">
      <Filter>ソースコード\Object</Filter>
    </ClInclude>
    <ClInclude Include="DeadAngle.h">
      <Filter>ソースコード\Object</Filter>
    </ClInclude>
    <ClInclude Include="GameOver.h">
      <Filter>ソースコード\Scene</Filter>
    </ClInclude>
    <ClInclude Include="GameScene.h">
      <Filter>ソースコード\Scene</Filter>
    </ClInclude>
    <ClInclude Include="GameScene_2.h">
      <Filter>ソースコード\Scene</Filter>
    </ClInclude>
    <ClInclude Include="Keyboard.h">
      <Filter>ソースコード\System\Input</Filter>
    </ClInclude>
    <ClInclude Include="InputManager.h">
      <Filter>ソースコード\System\Manager</Filter>
    </ClInclude>
    <ClInclude Include="Lift.h">
      <Filter>ソースコード\Actor</Filter>
    </ClInclude>
    <ClInclude Include="Mouse.h">
      <Filter>ソースコード\System\Input</Filter>
    </ClInclude>
    <ClInclude Include="Operation.h">
      <Filter>ソースコード\Actor</Filter>
    </ClInclude>
    <ClInclude Include="Player.h">
      <Filter>ソースコード\Actor</Filter>
    </ClInclude>
    <ClInclude Include="RetryButton.h">
      <Filter>ソースコード\UI</Filter>
    </ClInclude>
    <ClInclude Include="SelectScene.h">
      <Filter>ソースコード\Scene</Filter>
    </ClInclude>
    <ClInclude Include="SoundManager.h">
      <Filter>ソースコード\System\Manager</Filter>
    </ClInclude>
    <ClInclude Include="SceneManager.h">
      <Filter>ソースコード\System\Manager</Filter>
    </ClInclude>
    <ClInclude Include="StartButton.h">
      <Filter>ソースコード\UI</Filter>
    </ClInclude>
    <ClInclude Include="Timer.h">
      <Filter>ソースコード\UI</Filter>
    </ClInclude>
    <ClInclude Include="Title.h">
      <Filter>ソースコード\Scene</Filter>
    </ClInclude>
    <ClInclude Include="TitleButton.h">
      <Filter>ソースコード\UI</Filter>
    </ClInclude>
    <ClInclude Include="WavController.h">
      <Filter>ソースコード\System\Sound</Filter>
    </ClInclude>
    <ClInclude Include="SoundParameter.h">
      <Filter>ソースコード\System\Sound</Filter>
    </ClInclude>
    <ClInclude Include="GameClear.h">
      <Filter>ソースコード\Scene</Filter>
    </ClInclude>
  </ItemGroup>
  <ItemGroup>
    <Filter Include="ソースコード">
      <UniqueIdentifier>{2a0d5e58-b6ed-4eb6-b33f-0f5776967c8a}</UniqueIdentifier>
    </Filter>
    <Filter Include="ソースコード\System">
      <UniqueIdentifier>{eb2039a8-f577-4194-894c-f0b91eb4884a}</UniqueIdentifier>
    </Filter>
    <Filter Include="ソースコード\Actor">
      <UniqueIdentifier>{1742a6bc-c8de-44ee-b6b9-c94e9928afcc}</UniqueIdentifier>
    </Filter>
    <Filter Include="ソースコード\System\Input">
      <UniqueIdentifier>{f1aae937-c792-41d9-a661-426a4319c9aa}</UniqueIdentifier>
    </Filter>
    <Filter Include="ソースコード\Scene">
      <UniqueIdentifier>{2e0ef4c9-9864-4cb0-878b-5d2764cc1cdb}</UniqueIdentifier>
    </Filter>
    <Filter Include="ソースコード\Object">
      <UniqueIdentifier>{ddaa3e47-32bb-4250-ba50-d5b8321bdfa8}</UniqueIdentifier>
    </Filter>
    <Filter Include="ソースコード\System\Manager">
      <UniqueIdentifier>{5a4e0fec-d8d0-44df-91e7-8852be104a7e}</UniqueIdentifier>
    </Filter>
    <Filter Include="ソースコード\UI">
      <UniqueIdentifier>{bf33f387-affe-427e-8872-29941d181a2e}</UniqueIdentifier>
    </Filter>
    <Filter Include="ソースコード\System\Sound">
      <UniqueIdentifier>{bc3b3490-0a40-48d1-9766-9c6c4d34ed11}</UniqueIdentifier>
    </Filter>
  </ItemGroup>
</Project>