<?xml version="1.0" encoding="utf-8"?>
<Project ToolsVersion="4.0" xmlns="http://schemas.microsoft.com/developer/msbuild/2003">
  <ItemGroup>
    <ClCompile Include="Main.cpp" />
    <ClCompile Include="BackGround.cpp">
      <Filter>ソースコード\Object</Filter>
    </ClCompile>
    <ClCompile Include="Camera.cpp">
      <Filter>ソースコード\Actor</Filter>
    </ClCompile>
    <ClCompile Include="Collision.cpp">
      <Filter>ソースコード\Object</Filter>
    </ClCompile>
    <ClCompile Include="DeadAngle.cpp">
      <Filter>ソースコード\Object</Filter>
    </ClCompile>
    <ClCompile Include="GameOver.cpp">
      <Filter>ソースコード\Scene</Filter>
    </ClCompile>
    <ClCompile Include="GameScene.cpp">
      <Filter>ソースコード\Scene</Filter>
    </ClCompile>
    <ClCompile Include="GameScene2.cpp">
      <Filter>ソースコード\Scene</Filter>
    </ClCompile>
    <ClCompile Include="GameScene3.cpp">
      <Filter>ソースコード\Scene</Filter>
    </ClCompile>
    <ClCompile Include="GameClear.cpp">
      <Filter>ソースコード\Scene</Filter>
    </ClCompile>
    <ClCompile Include="InputManager.cpp">
      <Filter>ソースコード\System\Manager</Filter>
    </ClCompile>
    <ClCompile Include="Keyboard.cpp">
      <Filter>ソースコード\System\Input</Filter>
    </ClCompile>
    <ClCompile Include="Lift.cpp">
      <Filter>ソースコード\Actor</Filter>
    </ClCompile>
    <ClCompile Include="Mouse.cpp">
      <Filter>ソースコード\System\Input</Filter>
    </ClCompile>
    <ClCompile Include="Operation.cpp">
      <Filter>ソースコード\Actor</Filter>
    </ClCompile>
    <ClCompile Include="Player.cpp">
      <Filter>ソースコード\Actor</Filter>
    </ClCompile>
    <ClCompile Include="RetryButton.cpp">
      <Filter>ソースコード\UI</Filter>
    </ClCompile>
    <ClCompile Include="SelectButton.cpp">
      <Filter>ソースコード\UI</Filter>
    </ClCompile>
    <ClCompile Include="SelectScene.cpp">
      <Filter>ソースコード\Scene</Filter>
    </ClCompile>
    <ClCompile Include="SoundManager.cpp">
      <Filter>ソースコード\System\Manager</Filter>
    </ClCompile>
    <ClCompile Include="WavController.cpp">
      <Filter>ソースコード\System\Sound</Filter>
    </ClCompile>
    <ClCompile Include="Stage_EasyButton.cpp">
      <Filter>ソースコード\UI</Filter>
    </ClCompile>
    <ClCompile Include="Stage_HardButton.cpp">
      <Filter>ソースコード\UI</Filter>
    </ClCompile>
    <ClCompile Include="Stage_NormalButton.cpp">
      <Filter>ソースコード\UI</Filter>
    </ClCompile>
    <ClCompile Include="StartButton.cpp">
      <Filter>ソースコード\UI</Filter>
    </ClCompile>
    <ClCompile Include="Timer.cpp">
      <Filter>ソースコード\UI</Filter>
    </ClCompile>
    <ClCompile Include="TitleButton.cpp">
      <Filter>ソースコード\UI</Filter>
    </ClCompile>
    <ClCompile Include="Title.cpp">
      <Filter>ソースコード\Scene</Filter>
    </ClCompile>
    <ClCompile Include="ManualButton.cpp">
      <Filter>ソースコード\UI</Filter>
    </ClCompile>
    <ClCompile Include="SceneManager.cpp">
      <Filter>ソースコード\System\Manager</Filter>
    </ClCompile>
    <ClCompile Include="Manual.cpp">
      <Filter>ソースコード\Scene</Filter>
    </ClCompile>
    <ClCompile Include="MoveCamera.cpp">
      <Filter>ソースコード\Actor</Filter>
    </ClCompile>
  </ItemGroup>
  <ItemGroup>
    <ClInclude Include="Main.h" />
    <ClInclude Include="BackGround.h">
      <Filter>ソースコード\Object</Filter>
    </ClInclude>
    <ClInclude Include="BaseScene.h">
      <Filter>ソースコード\Scene</Filter>
    </ClInclude>
    <ClInclude Include="Camera.h">
      <Filter>ソースコード\Actor</Filter>
    </ClInclude>
    <ClInclude Include="Collision.h">
      <Filter>ソースコード\Object</Filter>
    </ClInclude>
    <ClInclude Include="DeadAngle.h">
      <Filter>ソースコード\Object</Filter>
    </ClInclude>
    <ClInclude Include="GameClear.h">
      <Filter>ソースコード\Scene</Filter>
    </ClInclude>
    <ClInclude Include="GameOver.h">
      <Filter>ソースコード\Scene</Filter>
    </ClInclude>
    <ClInclude Include="GameScene.h">
      <Filter>ソースコード\Scene</Filter>
    </ClInclude>
    <ClInclude Include="GameScene2.h">
      <Filter>ソースコード\Scene</Filter>
    </ClInclude>
    <ClInclude Include="GameScene3.h">
      <Filter>ソースコード\Scene</Filter>
    </ClInclude>
    <ClInclude Include="InputManager.h">
      <Filter>ソースコード\System\Manager</Filter>
    </ClInclude>
    <ClInclude Include="Keyboard.h">
      <Filter>ソースコード\System\Input</Filter>
    </ClInclude>
    <ClInclude Include="Lift.h">
      <Filter>ソースコード\Actor</Filter>
    </ClInclude>
    <ClInclude Include="Mouse.h">
      <Filter>ソースコード\System\Input</Filter>
    </ClInclude>
    <ClInclude Include="Operation.h">
      <Filter>ソースコード\Actor</Filter>
    </ClInclude>
    <ClInclude Include="Player.h">
      <Filter>ソースコード\Actor</Filter>
    </ClInclude>
    <ClInclude Include="RetryButton.h">
      <Filter>ソースコード\UI</Filter>
    </ClInclude>
    <ClInclude Include="SelectButton.h">
      <Filter>ソースコード\UI</Filter>
    </ClInclude>
    <ClInclude Include="SelectScene.h">
      <Filter>ソースコード\Scene</Filter>
    </ClInclude>
    <ClInclude Include="SoundManager.h">
      <Filter>ソースコード\System\Manager</Filter>
    </ClInclude>
    <ClInclude Include="SoundParameter.h">
      <Filter>ソースコード\System\Sound</Filter>
    </ClInclude>
    <ClInclude Include="WavController.h">
      <Filter>ソースコード\System\Sound</Filter>
    </ClInclude>
    <ClInclude Include="Stage_EasyButton.h">
      <Filter>ソースコード\UI</Filter>
    </ClInclude>
    <ClInclude Include="Stage_HardButton.h">
      <Filter>ソースコード\UI</Filter>
    </ClInclude>
    <ClInclude Include="Stage_NormalButton.h">
      <Filter>ソースコード\UI</Filter>
    </ClInclude>
    <ClInclude Include="StartButton.h">
      <Filter>ソースコード\UI</Filter>
    </ClInclude>
    <ClInclude Include="Timer.h">
      <Filter>ソースコード\UI</Filter>
    </ClInclude>
    <ClInclude Include="TitleButton.h">
      <Filter>ソースコード\UI</Filter>
    </ClInclude>
    <ClInclude Include="Title.h">
      <Filter>ソースコード\Scene</Filter>
    </ClInclude>
    <ClInclude Include="ManualButton.h">
      <Filter>ソースコード\UI</Filter>
    </ClInclude>
    <ClInclude Include="SceneManager.h">
      <Filter>ソースコード\System\Manager</Filter>
    </ClInclude>
    <ClInclude Include="Manual.h">
      <Filter>ソースコード\Scene</Filter>
    </ClInclude>
    <ClInclude Include="MoveCamera.h">
      <Filter>ソースコード\Actor</Filter>
    </ClInclude>
  </ItemGroup>
  <ItemGroup>
    <Filter Include="ソースコード">
      <UniqueIdentifier>{9c5ee098-b4ee-4367-a39c-baff47e6c6ee}</UniqueIdentifier>
    </Filter>
    <Filter Include="ソースコード\Actor">
      <UniqueIdentifier>{ee083348-4d40-4fa6-b469-4cb8c218e124}</UniqueIdentifier>
    </Filter>
    <Filter Include="ソースコード\Object">
      <UniqueIdentifier>{f99fcd64-21f8-4af2-bc66-121314a69721}</UniqueIdentifier>
    </Filter>
    <Filter Include="ソースコード\Scene">
      <UniqueIdentifier>{3cc5f9ce-db54-40a0-a809-66789faaa801}</UniqueIdentifier>
    </Filter>
    <Filter Include="ソースコード\System">
      <UniqueIdentifier>{82719c44-adf0-483d-9abd-d67dc1b123e7}</UniqueIdentifier>
    </Filter>
    <Filter Include="ソースコード\System\Manager">
      <UniqueIdentifier>{f4ce54e2-3450-40a7-a49d-44d95c479b65}</UniqueIdentifier>
    </Filter>
    <Filter Include="ソースコード\System\Input">
      <UniqueIdentifier>{ab4fd0bd-667d-45a5-9717-3ff7f3ee66cf}</UniqueIdentifier>
    </Filter>
    <Filter Include="ソースコード\UI">
      <UniqueIdentifier>{a63c246d-9758-41ea-a308-265690c8e300}</UniqueIdentifier>
    </Filter>
    <Filter Include="ソースコード\System\Sound">
      <UniqueIdentifier>{7edc8836-9c25-401b-b899-43667f0bb666}</UniqueIdentifier>
    </Filter>
  </ItemGroup>
</Project>